
Microsoft Visual Studio Solution File, Format Version 12.00
# Visual Studio Version 17
VisualStudioVersion = 17.0.32112.339
MinimumVisualStudioVersion = 10.0.40219.1
Project("{FAE04EC0-301F-11D3-BF4B-00C04F79EFBC}") = "NewLearning", "NewLearning.csproj", "{71B5BFF6-C1BC-452D-A52A-5BBC0A08106C}"
EndProject
Global
	GlobalSection(SolutionConfigurationPlatforms) = preSolution
		Debug|Any CPU = Debug|Any CPU
		Release|Any CPU = Release|Any CPU
	EndGlobalSection
	GlobalSection(ProjectConfigurationPlatforms) = postSolution
		{71B5BFF6-C1BC-452D-A52A-5BBC0A08106C}.Debug|Any CPU.ActiveCfg = Debug|Any CPU
		{71B5BFF6-C1BC-452D-A52A-5BBC0A08106C}.Debug|Any CPU.Build.0 = Debug|Any CPU
		{71B5BFF6-C1BC-452D-A52A-5BBC0A08106C}.Release|Any CPU.ActiveCfg = Release|Any CPU
		{71B5BFF6-C1BC-452D-A52A-5BBC0A08106C}.Release|Any CPU.Build.0 = Release|Any CPU
	EndGlobalSection
	GlobalSection(SolutionProperties) = preSolution
		HideSolutionNode = FALSE
	EndGlobalSection
	GlobalSection(ExtensibilityGlobals) = postSolution
		SolutionGuid = {DA971338-967E-40CA-A858-E38FF1314013}
	EndGlobalSection
EndGlobal
